# This file is automatically @generated by Cargo.
# It is not intended for manual editing.
version = 4

[[package]]
name = "aarch32-cpu"
version = "0.2.0"
source = "registry+https://github.com/rust-lang/crates.io-index"
checksum = "1417bbf608824a44cb2fa2ad74b5ec28c0ae4c83df62a4bd2b532bf04c241ade"
dependencies = [
 "arbitrary-int 2.1.1",
 "arm-targets",
 "bitbybit 1.4.0",
 "num_enum",
 "thiserror",
]

[[package]]
name = "arbitrary-int"
version = "1.3.0"
source = "registry+https://github.com/rust-lang/crates.io-index"
checksum = "825297538d77367557b912770ca3083f778a196054b3ee63b22673c4a3cae0a5"

[[package]]
name = "arbitrary-int"
version = "2.1.1"
source = "registry+https://github.com/rust-lang/crates.io-index"
checksum = "993a810118f8f37e9c4411c86f1c4c940a09a7ab34b7bf2d88d06f50c553fab7"

[[package]]
name = "arm-pl011-uart"
version = "0.4.0"
source = "registry+https://github.com/rust-lang/crates.io-index"
checksum = "b62040eef329ede76c8b2af149362b0fd42ec9d8c436d9eb9d47db35b71cb300"
dependencies = [
 "bitflags",
 "embedded-hal-nb",
 "embedded-io",
 "safe-mmio",
 "thiserror",
 "zerocopy",
]

[[package]]
name = "arm-targets"
version = "0.4.0"
source = "registry+https://github.com/rust-lang/crates.io-index"
checksum = "8d29a37f252452446b67d5e50dee82a6ce12781218b915244bb6507c10b72812"

[[package]]
name = "bitbybit"
version = "1.4.0"
source = "registry+https://github.com/rust-lang/crates.io-index"
checksum = "ec187a89ab07e209270175faf9e07ceb2755d984954e58a2296e325ddece2762"
dependencies = [
 "arbitrary-int 1.3.0",
 "proc-macro2",
 "quote",
 "syn",
]

[[package]]
name = "bitbybit"
version = "2.0.0"
source = "registry+https://github.com/rust-lang/crates.io-index"
checksum = "71d2a3353d70ac1091a33cbf31fc7e77b19091538a7e306e3740712af19807ca"
dependencies = [
 "proc-macro2",
 "quote",
 "syn",
]

[[package]]
name = "bitflags"
version = "2.11.0"
source = "registry+https://github.com/rust-lang/crates.io-index"
checksum = "843867be96c8daad0d758b57df9392b6d8d271134fce549de6ce169ff98a92af"

[[package]]
name = "cfg-if"
version = "1.0.4"
source = "registry+https://github.com/rust-lang/crates.io-index"
checksum = "9330f8b2ff13f34540b44e946ef35111825727b38d33286ef986142615121801"

[[package]]
name = "embedded-hal"
version = "1.0.0"
source = "registry+https://github.com/rust-lang/crates.io-index"
checksum = "361a90feb7004eca4019fb28352a9465666b24f840f5c3cddf0ff13920590b89"

[[package]]
name = "embedded-hal-nb"
version = "1.0.0"
source = "registry+https://github.com/rust-lang/crates.io-index"
checksum = "fba4268c14288c828995299e59b12babdbe170f6c6d73731af1b4648142e8605"
dependencies = [
 "embedded-hal",
 "nb",
]

[[package]]
name = "embedded-io"
version = "0.7.1"
source = "registry+https://github.com/rust-lang/crates.io-index"
checksum = "9eb1aa714776b75c7e67e1da744b81a129b3ff919c8712b5e1b32252c1f07cc7"

[[package]]
name = "ez_mailbox"
version = "0.1.0"
dependencies = [
 "arbitrary-int 2.1.1",
 "bitbybit 2.0.0",
 "log",
 "volatile",
 "zerocopy",
]

[[package]]
name = "kernel"
version = "0.1.0"
dependencies = [
 "aarch32-cpu",
 "arbitrary-int 2.1.1",
 "arm-pl011-uart",
 "cfg-if",
 "ez_mailbox",
 "log",
 "semihosting",
 "spin",
]

[[package]]
name = "lock_api"
version = "0.4.14"
source = "registry+https://github.com/rust-lang/crates.io-index"
checksum = "224399e74b87b5f3557511d98dff8b14089b3dadafcab6bb93eab67d3aace965"
dependencies = [
 "scopeguard",
]

[[package]]
name = "log"
version = "0.4.29"
source = "registry+https://github.com/rust-lang/crates.io-index"
checksum = "5e5032e24019045c762d3c0f28f5b6b8bbf38563a65908389bf7978758920897"

[[package]]
name = "nb"
version = "1.1.0"
source = "registry+https://github.com/rust-lang/crates.io-index"
checksum = "8d5439c4ad607c3c23abf66de8c8bf57ba8adcd1f129e699851a6e43935d339d"

[[package]]
name = "num_enum"
version = "0.7.5"
source = "registry+https://github.com/rust-lang/crates.io-index"
checksum = "b1207a7e20ad57b847bbddc6776b968420d38292bbfe2089accff5e19e82454c"
dependencies = [
 "num_enum_derive",
 "rustversion",
]

[[package]]
name = "num_enum_derive"
version = "0.7.5"
source = "registry+https://github.com/rust-lang/crates.io-index"
checksum = "ff32365de1b6743cb203b710788263c44a03de03802daf96092f2da4fe6ba4d7"
dependencies = [
 "proc-macro2",
 "quote",
 "syn",
]

[[package]]
name = "proc-macro2"
version = "1.0.106"
source = "registry+https://github.com/rust-lang/crates.io-index"
checksum = "8fd00f0bb2e90d81d1044c2b32617f68fcb9fa3bb7640c23e9c748e53fb30934"
dependencies = [
 "unicode-ident",
]

[[package]]
name = "quote"
version = "1.0.44"
source = "registry+https://github.com/rust-lang/crates.io-index"
checksum = "21b2ebcf727b7760c461f091f9f0f539b77b8e87f2fd88131e7f1b433b3cece4"
dependencies = [
 "proc-macro2",
]

[[package]]
name = "rustversion"
version = "1.0.22"
source = "registry+https://github.com/rust-lang/crates.io-index"
checksum = "b39cdef0fa800fc44525c84ccb54a029961a8215f9619753635a9c0d2538d46d"

[[package]]
name = "safe-mmio"
version = "0.2.7"
source = "registry+https://github.com/rust-lang/crates.io-index"
checksum = "a0a69f884a1511aa811aa94e04559414a66b18ca63f50f84ca31e304f38bad0d"
dependencies = [
 "zerocopy",
]

[[package]]
name = "scopeguard"
version = "1.2.0"
source = "registry+https://github.com/rust-lang/crates.io-index"
checksum = "94143f37725109f92c262ed2cf5e59bce7498c01bcc1502d7b9afe439a4e9f49"

[[package]]
name = "semihosting"
version = "0.1.24"
source = "registry+https://github.com/rust-lang/crates.io-index"
checksum = "e896488941756e5de3ee8449495464dbbf2201c85d2d1ace47d4fb81c74b99ec"

[[package]]
name = "spin"
version = "0.10.0"
source = "registry+https://github.com/rust-lang/crates.io-index"
checksum = "d5fe4ccb98d9c292d56fec89a5e07da7fc4cf0dc11e156b41793132775d3e591"
dependencies = [
 "lock_api",
]

[[package]]
name = "syn"
version = "2.0.116"
source = "registry+https://github.com/rust-lang/crates.io-index"
checksum = "3df424c70518695237746f84cede799c9c58fcb37450d7b23716568cc8bc69cb"
dependencies = [
 "proc-macro2",
 "quote",
 "unicode-ident",
]

[[package]]
name = "thiserror"
version = "2.0.18"
source = "registry+https://github.com/rust-lang/crates.io-index"
checksum = "4288b5bcbc7920c07a1149a35cf9590a2aa808e0bc1eafaade0b80947865fbc4"
dependencies = [
 "thiserror-impl",
]

[[package]]
name = "thiserror-impl"
version = "2.0.18"
source = "registry+https://github.com/rust-lang/crates.io-index"
checksum = "ebc4ee7f67670e9b64d05fa4253e753e016c6c95ff35b89b7941d6b856dec1d5"
dependencies = [
 "proc-macro2",
 "quote",
 "syn",
]

[[package]]
name = "unicode-ident"
version = "1.0.24"
source = "registry+https://github.com/rust-lang/crates.io-index"
checksum = "e6e4313cd5fcd3dad5cafa179702e2b244f760991f45397d14d4ebf38247da75"

[[package]]
name = "volatile"
version = "0.6.1"
source = "registry+https://github.com/rust-lang/crates.io-index"
checksum = "af8ca9a5d4debca0633e697c88269395493cebf2e10db21ca2dbde37c1356452"
dependencies = [
 "volatile-macro",
]

[[package]]
name = "volatile-macro"
version = "0.6.0"
source = "registry+https://github.com/rust-lang/crates.io-index"
checksum = "65c67ce935f3b4329e473ecaff7bab444fcdc3d1d19f8bae61fabfa90b84f93e"
dependencies = [
 "proc-macro2",
 "quote",
 "syn",
]

[[package]]
name = "zerocopy"
version = "0.8.39"
source = "registry+https://github.com/rust-lang/crates.io-index"
checksum = "db6d35d663eadb6c932438e763b262fe1a70987f9ae936e60158176d710cae4a"
dependencies = [
 "zerocopy-derive",
]

[[package]]
name = "zerocopy-derive"
version = "0.8.39"
source = "registry+https://github.com/rust-lang/crates.io-index"
checksum = "4122cd3169e94605190e77839c9a40d40ed048d305bfdc146e7df40ab0f3e517"
dependencies = [
 "proc-macro2",
 "quote",
 "syn",
]
